Microsoft Visual Studio Solution File, Format Version 12.00
# Visual Studio 14
Project("{2150E333-8FDC-42A3-9474-1A3956D46DE8}") = "CMakePredefinedTargets", "CMakePredefinedTargets", "{48A6B347-57B4-3B60-A4E0-36B16EC1CECB}"
EndProject
Project("{2150E333-8FDC-42A3-9474-1A3956D46DE8}") = "GLFW3", "GLFW3", "{E52C3C5B-B654-347E-8CEA-21CD76F7C8F6}"
EndProject
Project("{8BC9CEB8-8B4A-11D0-8D11-00A0C91BC942}") = "ALL_BUILD", "ALL_BUILD.vcxproj", "{7E778E11-CE99-3AD4-B288-752467E7AA74}"
	ProjectSection(ProjectDependencies) = postProject
		{E47548C3-C6A9-36A0-AC47-AB790F565F40} = {E47548C3-C6A9-36A0-AC47-AB790F565F40}
		{1A12A7FA-2E48-3434-A3E8-0ACBE8BBBD99} = {1A12A7FA-2E48-3434-A3E8-0ACBE8BBBD99}
		{D55EFFF3-4F95-3C10-82E5-F77B70490922} = {D55EFFF3-4F95-3C10-82E5-F77B70490922}
		{4D91F6C2-3B28-33C6-B500-242F1F6095EF} = {4D91F6C2-3B28-33C6-B500-242F1F6095EF}
		{4EDD5F1A-9B57-3678-98F2-77BC420133DD} = {4EDD5F1A-9B57-3678-98F2-77BC420133DD}
		{68681C97-7A87-350B-B9F7-7FBAA13E58D4} = {68681C97-7A87-350B-B9F7-7FBAA13E58D4}
	EndProjectSection
EndProject
Project("{8BC9CEB8-8B4A-11D0-8D11-00A0C91BC942}") = "INSTALL", "INSTALL.vcxproj", "{5778B65C-0A9D-34E0-820D-B501192FD285}"
	ProjectSection(ProjectDependencies) = postProject
		{7E778E11-CE99-3AD4-B288-752467E7AA74} = {7E778E11-CE99-3AD4-B288-752467E7AA74}
		{E47548C3-C6A9-36A0-AC47-AB790F565F40} = {E47548C3-C6A9-36A0-AC47-AB790F565F40}
	EndProjectSection
EndProject
Project("{8BC9CEB8-8B4A-11D0-8D11-00A0C91BC942}") = "ZERO_CHECK", "ZERO_CHECK.vcxproj", "{E47548C3-C6A9-36A0-AC47-AB790F565F40}"
	ProjectSection(ProjectDependencies) = postProject
	EndProjectSection
EndProject
Project("{8BC9CEB8-8B4A-11D0-8D11-00A0C91BC942}") = "cghw2", "cghw2.vcxproj", "{1A12A7FA-2E48-3434-A3E8-0ACBE8BBBD99}"
	ProjectSection(ProjectDependencies) = postProject
		{E47548C3-C6A9-36A0-AC47-AB790F565F40} = {E47548C3-C6A9-36A0-AC47-AB790F565F40}
		{D55EFFF3-4F95-3C10-82E5-F77B70490922} = {D55EFFF3-4F95-3C10-82E5-F77B70490922}
		{4D91F6C2-3B28-33C6-B500-242F1F6095EF} = {4D91F6C2-3B28-33C6-B500-242F1F6095EF}
		{4EDD5F1A-9B57-3678-98F2-77BC420133DD} = {4EDD5F1A-9B57-3678-98F2-77BC420133DD}
		{68681C97-7A87-350B-B9F7-7FBAA13E58D4} = {68681C97-7A87-350B-B9F7-7FBAA13E58D4}
	EndProjectSection
EndProject
Project("{8BC9CEB8-8B4A-11D0-8D11-00A0C91BC942}") = "glew", "glew.vcxproj", "{D55EFFF3-4F95-3C10-82E5-F77B70490922}"
	ProjectSection(ProjectDependencies) = postProject
		{E47548C3-C6A9-36A0-AC47-AB790F565F40} = {E47548C3-C6A9-36A0-AC47-AB790F565F40}
	EndProjectSection
EndProject
Project("{8BC9CEB8-8B4A-11D0-8D11-00A0C91BC942}") = "glfw", "ext\glfw\src\glfw.vcxproj", "{4D91F6C2-3B28-33C6-B500-242F1F6095EF}"
	ProjectSection(ProjectDependencies) = postProject
		{E47548C3-C6A9-36A0-AC47-AB790F565F40} = {E47548C3-C6A9-36A0-AC47-AB790F565F40}
	EndProjectSection
EndProject
Project("{8BC9CEB8-8B4A-11D0-8D11-00A0C91BC942}") = "lodepng", "lodepng.vcxproj", "{4EDD5F1A-9B57-3678-98F2-77BC420133DD}"
	ProjectSection(ProjectDependencies) = postProject
		{E47548C3-C6A9-36A0-AC47-AB790F565F40} = {E47548C3-C6A9-36A0-AC47-AB790F565F40}
	EndProjectSection
EndProject
Project("{8BC9CEB8-8B4A-11D0-8D11-00A0C91BC942}") = "tinyobjloader", "tinyobjloader.vcxproj", "{68681C97-7A87-350B-B9F7-7FBAA13E58D4}"
	ProjectSection(ProjectDependencies) = postProject
		{E47548C3-C6A9-36A0-AC47-AB790F565F40} = {E47548C3-C6A9-36A0-AC47-AB790F565F40}
	EndProjectSection
EndProject
Project("{8BC9CEB8-8B4A-11D0-8D11-00A0C91BC942}") = "uninstall", "ext\glfw\uninstall.vcxproj", "{45E2D287-5B32-3AFB-AC83-D5D38EBB67D6}"
	ProjectSection(ProjectDependencies) = postProject
		{E47548C3-C6A9-36A0-AC47-AB790F565F40} = {E47548C3-C6A9-36A0-AC47-AB790F565F40}
	EndProjectSection
EndProject
Global
	GlobalSection(SolutionConfigurationPlatforms) = preSolution
		Debug|Win32 = Debug|Win32
		Release|Win32 = Release|Win32
		MinSizeRel|Win32 = MinSizeRel|Win32
		RelWithDebInfo|Win32 = RelWithDebInfo|Win32
	EndGlobalSection
	GlobalSection(ProjectConfigurationPlatforms) = postSolution
		{7E778E11-CE99-3AD4-B288-752467E7AA74}.Debug|Win32.ActiveCfg = Debug|Win32
		{7E778E11-CE99-3AD4-B288-752467E7AA74}.Debug|Win32.Build.0 = Debug|Win32
		{7E778E11-CE99-3AD4-B288-752467E7AA74}.Release|Win32.ActiveCfg = Release|Win32
		{7E778E11-CE99-3AD4-B288-752467E7AA74}.Release|Win32.Build.0 = Release|Win32
		{7E778E11-CE99-3AD4-B288-752467E7AA74}.MinSizeRel|Win32.ActiveCfg = MinSizeRel|Win32
		{7E778E11-CE99-3AD4-B288-752467E7AA74}.MinSizeRel|Win32.Build.0 = MinSizeRel|Win32
		{7E778E11-CE99-3AD4-B288-752467E7AA74}.RelWithDebInfo|Win32.ActiveCfg = RelWithDebInfo|Win32
		{7E778E11-CE99-3AD4-B288-752467E7AA74}.RelWithDebInfo|Win32.Build.0 = RelWithDebInfo|Win32
		{5778B65C-0A9D-34E0-820D-B501192FD285}.Debug|Win32.ActiveCfg = Debug|Win32
		{5778B65C-0A9D-34E0-820D-B501192FD285}.Release|Win32.ActiveCfg = Release|Win32
		{5778B65C-0A9D-34E0-820D-B501192FD285}.MinSizeRel|Win32.ActiveCfg = MinSizeRel|Win32
		{5778B65C-0A9D-34E0-820D-B501192FD285}.RelWithDebInfo|Win32.ActiveCfg = RelWithDebInfo|Win32
		{E47548C3-C6A9-36A0-AC47-AB790F565F40}.Debug|Win32.ActiveCfg = Debug|Win32
		{E47548C3-C6A9-36A0-AC47-AB790F565F40}.Debug|Win32.Build.0 = Debug|Win32
		{E47548C3-C6A9-36A0-AC47-AB790F565F40}.Release|Win32.ActiveCfg = Release|Win32
		{E47548C3-C6A9-36A0-AC47-AB790F565F40}.Release|Win32.Build.0 = Release|Win32
		{E47548C3-C6A9-36A0-AC47-AB790F565F40}.MinSizeRel|Win32.ActiveCfg = MinSizeRel|Win32
		{E47548C3-C6A9-36A0-AC47-AB790F565F40}.MinSizeRel|Win32.Build.0 = MinSizeRel|Win32
		{E47548C3-C6A9-36A0-AC47-AB790F565F40}.RelWithDebInfo|Win32.ActiveCfg = RelWithDebInfo|Win32
		{E47548C3-C6A9-36A0-AC47-AB790F565F40}.RelWithDebInfo|Win32.Build.0 = RelWithDebInfo|Win32
		{1A12A7FA-2E48-3434-A3E8-0ACBE8BBBD99}.Debug|Win32.ActiveCfg = Debug|Win32
		{1A12A7FA-2E48-3434-A3E8-0ACBE8BBBD99}.Debug|Win32.Build.0 = Debug|Win32
		{1A12A7FA-2E48-3434-A3E8-0ACBE8BBBD99}.Release|Win32.ActiveCfg = Release|Win32
		{1A12A7FA-2E48-3434-A3E8-0ACBE8BBBD99}.Release|Win32.Build.0 = Release|Win32
		{1A12A7FA-2E48-3434-A3E8-0ACBE8BBBD99}.MinSizeRel|Win32.ActiveCfg = MinSizeRel|Win32
		{1A12A7FA-2E48-3434-A3E8-0ACBE8BBBD99}.MinSizeRel|Win32.Build.0 = MinSizeRel|Win32
		{1A12A7FA-2E48-3434-A3E8-0ACBE8BBBD99}.RelWithDebInfo|Win32.ActiveCfg = RelWithDebInfo|Win32
		{1A12A7FA-2E48-3434-A3E8-0ACBE8BBBD99}.RelWithDebInfo|Win32.Build.0 = RelWithDebInfo|Win32
		{D55EFFF3-4F95-3C10-82E5-F77B70490922}.Debug|Win32.ActiveCfg = Debug|Win32
		{D55EFFF3-4F95-3C10-82E5-F77B70490922}.Debug|Win32.Build.0 = Debug|Win32
		{D55EFFF3-4F95-3C10-82E5-F77B70490922}.Release|Win32.ActiveCfg = Release|Win32
		{D55EFFF3-4F95-3C10-82E5-F77B70490922}.Release|Win32.Build.0 = Release|Win32
		{D55EFFF3-4F95-3C10-82E5-F77B70490922}.MinSizeRel|Win32.ActiveCfg = MinSizeRel|Win32
		{D55EFFF3-4F95-3C10-82E5-F77B70490922}.MinSizeRel|Win32.Build.0 = MinSizeRel|Win32
		{D55EFFF3-4F95-3C10-82E5-F77B70490922}.RelWithDebInfo|Win32.ActiveCfg = RelWithDebInfo|Win32
		{D55EFFF3-4F95-3C10-82E5-F77B70490922}.RelWithDebInfo|Win32.Build.0 = RelWithDebInfo|Win32
		{4D91F6C2-3B28-33C6-B500-242F1F6095EF}.Debug|Win32.ActiveCfg = Debug|Win32
		{4D91F6C2-3B28-33C6-B500-242F1F6095EF}.Debug|Win32.Build.0 = Debug|Win32
		{4D91F6C2-3B28-33C6-B500-242F1F6095EF}.Release|Win32.ActiveCfg = Release|Win32
		{4D91F6C2-3B28-33C6-B500-242F1F6095EF}.Release|Win32.Build.0 = Release|Win32
		{4D91F6C2-3B28-33C6-B500-242F1F6095EF}.MinSizeRel|Win32.ActiveCfg = MinSizeRel|Win32
		{4D91F6C2-3B28-33C6-B500-242F1F6095EF}.MinSizeRel|Win32.Build.0 = MinSizeRel|Win32
		{4D91F6C2-3B28-33C6-B500-242F1F6095EF}.RelWithDebInfo|Win32.ActiveCfg = RelWithDebInfo|Win32
		{4D91F6C2-3B28-33C6-B500-242F1F6095EF}.RelWithDebInfo|Win32.Build.0 = RelWithDebInfo|Win32
		{4EDD5F1A-9B57-3678-98F2-77BC420133DD}.Debug|Win32.ActiveCfg = Debug|Win32
		{4EDD5F1A-9B57-3678-98F2-77BC420133DD}.Debug|Win32.Build.0 = Debug|Win32
		{4EDD5F1A-9B57-3678-98F2-77BC420133DD}.Release|Win32.ActiveCfg = Release|Win32
		{4EDD5F1A-9B57-3678-98F2-77BC420133DD}.Release|Win32.Build.0 = Release|Win32
		{4EDD5F1A-9B57-3678-98F2-77BC420133DD}.MinSizeRel|Win32.ActiveCfg = MinSizeRel|Win32
		{4EDD5F1A-9B57-3678-98F2-77BC420133DD}.MinSizeRel|Win32.Build.0 = MinSizeRel|Win32
		{4EDD5F1A-9B57-3678-98F2-77BC420133DD}.RelWithDebInfo|Win32.ActiveCfg = RelWithDebInfo|Win32
		{4EDD5F1A-9B57-3678-98F2-77BC420133DD}.RelWithDebInfo|Win32.Build.0 = RelWithDebInfo|Win32
		{68681C97-7A87-350B-B9F7-7FBAA13E58D4}.Debug|Win32.ActiveCfg = Debug|Win32
		{68681C97-7A87-350B-B9F7-7FBAA13E58D4}.Debug|Win32.Build.0 = Debug|Win32
		{68681C97-7A87-350B-B9F7-7FBAA13E58D4}.Release|Win32.ActiveCfg = Release|Win32
		{68681C97-7A87-350B-B9F7-7FBAA13E58D4}.Release|Win32.Build.0 = Release|Win32
		{68681C97-7A87-350B-B9F7-7FBAA13E58D4}.MinSizeRel|Win32.ActiveCfg = MinSizeRel|Win32
		{68681C97-7A87-350B-B9F7-7FBAA13E58D4}.MinSizeRel|Win32.Build.0 = MinSizeRel|Win32
		{68681C97-7A87-350B-B9F7-7FBAA13E58D4}.RelWithDebInfo|Win32.ActiveCfg = RelWithDebInfo|Win32
		{68681C97-7A87-350B-B9F7-7FBAA13E58D4}.RelWithDebInfo|Win32.Build.0 = RelWithDebInfo|Win32
		{45E2D287-5B32-3AFB-AC83-D5D38EBB67D6}.Debug|Win32.ActiveCfg = Debug|Win32
		{45E2D287-5B32-3AFB-AC83-D5D38EBB67D6}.Release|Win32.ActiveCfg = Release|Win32
		{45E2D287-5B32-3AFB-AC83-D5D38EBB67D6}.MinSizeRel|Win32.ActiveCfg = MinSizeRel|Win32
		{45E2D287-5B32-3AFB-AC83-D5D38EBB67D6}.RelWithDebInfo|Win32.ActiveCfg = RelWithDebInfo|Win32
	EndGlobalSection
	GlobalSection(NestedProjects) = preSolution
		{7E778E11-CE99-3AD4-B288-752467E7AA74} = {48A6B347-57B4-3B60-A4E0-36B16EC1CECB}
		{5778B65C-0A9D-34E0-820D-B501192FD285} = {48A6B347-57B4-3B60-A4E0-36B16EC1CECB}
		{E47548C3-C6A9-36A0-AC47-AB790F565F40} = {48A6B347-57B4-3B60-A4E0-36B16EC1CECB}
		{4D91F6C2-3B28-33C6-B500-242F1F6095EF} = {E52C3C5B-B654-347E-8CEA-21CD76F7C8F6}
	EndGlobalSection
	GlobalSection(ExtensibilityGlobals) = postSolution
		SolutionGuid = {490538DA-EBF5-3355-AFB0-FD812B341F17}
	EndGlobalSection
	GlobalSection(ExtensibilityAddIns) = postSolution
	EndGlobalSection
EndGlobal
